
Microsoft Visual Studio Solution File, Format Version 12.00
# Visual Studio 15
VisualStudioVersion = 15.0.27004.2002
MinimumVisualStudioVersion = 10.0.40219.1
Project("{FAE04EC0-301F-11D3-BF4B-00C04F79EFBC}") = "SharedElement.Custom.Droid", "src\SharedElement.Custom.Droid\SharedElement.Custom.Droid.csproj", "{2AC48CC7-2058-46D1-A2C9-BA85F0461FC3}"
EndProject
Project("{FAE04EC0-301F-11D3-BF4B-00C04F79EFBC}") = "SharedElement.Custom.Core", "src\SharedElement.Custom.Core\SharedElement.Custom.Core.csproj", "{C23A254A-EEC5-4BD7-B1F6-D01060BAC88B}"
EndProject
Project("{2150E333-8FDC-42A3-9474-1A3956D46DE8}") = "!Solution Items", "!Solution Items", "{F9019D9D-8FA1-4C49-9E51-D39B0C8BEBC6}"
	ProjectSection(SolutionItems) = preProject
		.editorconfig = .editorconfig
		.gitignore = .gitignore
		README.md = README.md
	EndProjectSection
EndProject
Project("{2150E333-8FDC-42A3-9474-1A3956D46DE8}") = "Mvx 5.1.1 - Custom", "Mvx 5.1.1 - Custom", "{225D589C-C702-4477-BDED-8B8E2FC2CE20}"
EndProject
Project("{2150E333-8FDC-42A3-9474-1A3956D46DE8}") = "Mvx 5.3.0 - Official", "Mvx 5.3.0 - Official", "{AF98A4FA-5272-4271-9812-17AA5642B64E}"
EndProject
Project("{9A19103F-16F7-4668-BE54-9A1E7A4F7556}") = "SharedElement.Official.Core", "src\SharedElement.Official.Core\SharedElement.Official.Core.csproj", "{DC149EB8-9E4A-4D31-91A4-195287AF0A89}"
EndProject
Project("{FAE04EC0-301F-11D3-BF4B-00C04F79EFBC}") = "SharedElement.Official.Droid", "src\SharedElement.Official.Droid\SharedElement.Official.Droid.csproj", "{2530601C-7641-4BA6-AC70-70713F78AC52}"
EndProject
Global
	GlobalSection(SolutionConfigurationPlatforms) = preSolution
		Ad-Hoc|Any CPU = Ad-Hoc|Any CPU
		Ad-Hoc|ARM = Ad-Hoc|ARM
		Ad-Hoc|iPhone = Ad-Hoc|iPhone
		Ad-Hoc|iPhoneSimulator = Ad-Hoc|iPhoneSimulator
		Ad-Hoc|Mixed Platforms = Ad-Hoc|Mixed Platforms
		Ad-Hoc|x64 = Ad-Hoc|x64
		Ad-Hoc|x86 = Ad-Hoc|x86
		AppStore|Any CPU = AppStore|Any CPU
		AppStore|ARM = AppStore|ARM
		AppStore|iPhone = AppStore|iPhone
		AppStore|iPhoneSimulator = AppStore|iPhoneSimulator
		AppStore|Mixed Platforms = AppStore|Mixed Platforms
		AppStore|x64 = AppStore|x64
		AppStore|x86 = AppStore|x86
		Debug|Any CPU = Debug|Any CPU
		Debug|ARM = Debug|ARM
		Debug|iPhone = Debug|iPhone
		Debug|iPhoneSimulator = Debug|iPhoneSimulator
		Debug|Mixed Platforms = Debug|Mixed Platforms
		Debug|x64 = Debug|x64
		Debug|x86 = Debug|x86
		Release|Any CPU = Release|Any CPU
		Release|ARM = Release|ARM
		Release|iPhone = Release|iPhone
		Release|iPhoneSimulator = Release|iPhoneSimulator
		Release|Mixed Platforms = Release|Mixed Platforms
		Release|x64 = Release|x64
		Release|x86 = Release|x86
	EndGlobalSection
	GlobalSection(ProjectConfigurationPlatforms) = postSolution
		{2AC48CC7-2058-46D1-A2C9-BA85F0461FC3}.Ad-Hoc|Any CPU.ActiveCfg = Release|Any CPU
		{2AC48CC7-2058-46D1-A2C9-BA85F0461FC3}.Ad-Hoc|Any CPU.Build.0 = Release|Any CPU
		{2AC48CC7-2058-46D1-A2C9-BA85F0461FC3}.Ad-Hoc|Any CPU.Deploy.0 = Release|Any CPU
		{2AC48CC7-2058-46D1-A2C9-BA85F0461FC3}.Ad-Hoc|ARM.ActiveCfg = Debug|Any CPU
		{2AC48CC7-2058-46D1-A2C9-BA85F0461FC3}.Ad-Hoc|iPhone.ActiveCfg = Release|Any CPU
		{2AC48CC7-2058-46D1-A2C9-BA85F0461FC3}.Ad-Hoc|iPhoneSimulator.ActiveCfg = Release|Any CPU
		{2AC48CC7-2058-46D1-A2C9-BA85F0461FC3}.Ad-Hoc|Mixed Platforms.ActiveCfg = Release|Any CPU
		{2AC48CC7-2058-46D1-A2C9-BA85F0461FC3}.Ad-Hoc|Mixed Platforms.Build.0 = Release|Any CPU
		{2AC48CC7-2058-46D1-A2C9-BA85F0461FC3}.Ad-Hoc|Mixed Platforms.Deploy.0 = Release|Any CPU
		{2AC48CC7-2058-46D1-A2C9-BA85F0461FC3}.Ad-Hoc|x64.ActiveCfg = Debug|Any CPU
		{2AC48CC7-2058-46D1-A2C9-BA85F0461FC3}.Ad-Hoc|x64.Build.0 = Debug|Any CPU
		{2AC48CC7-2058-46D1-A2C9-BA85F0461FC3}.Ad-Hoc|x64.Deploy.0 = Debug|Any CPU
		{2AC48CC7-2058-46D1-A2C9-BA85F0461FC3}.Ad-Hoc|x86.ActiveCfg = Debug|Any CPU
		{2AC48CC7-2058-46D1-A2C9-BA85F0461FC3}.AppStore|Any CPU.ActiveCfg = Release|Any CPU
		{2AC48CC7-2058-46D1-A2C9-BA85F0461FC3}.AppStore|Any CPU.Build.0 = Release|Any CPU
		{2AC48CC7-2058-46D1-A2C9-BA85F0461FC3}.AppStore|Any CPU.Deploy.0 = Release|Any CPU
		{2AC48CC7-2058-46D1-A2C9-BA85F0461FC3}.AppStore|ARM.ActiveCfg = Debug|Any CPU
		{2AC48CC7-2058-46D1-A2C9-BA85F0461FC3}.AppStore|iPhone.ActiveCfg = Release|Any CPU
		{2AC48CC7-2058-46D1-A2C9-BA85F0461FC3}.AppStore|iPhoneSimulator.ActiveCfg = Release|Any CPU
		{2AC48CC7-2058-46D1-A2C9-BA85F0461FC3}.AppStore|Mixed Platforms.ActiveCfg = Release|Any CPU
		{2AC48CC7-2058-46D1-A2C9-BA85F0461FC3}.AppStore|Mixed Platforms.Build.0 = Release|Any CPU
		{2AC48CC7-2058-46D1-A2C9-BA85F0461FC3}.AppStore|Mixed Platforms.Deploy.0 = Release|Any CPU
		{2AC48CC7-2058-46D1-A2C9-BA85F0461FC3}.AppStore|x64.ActiveCfg = Debug|Any CPU
		{2AC48CC7-2058-46D1-A2C9-BA85F0461FC3}.AppStore|x64.Build.0 = Debug|Any CPU
		{2AC48CC7-2058-46D1-A2C9-BA85F0461FC3}.AppStore|x64.Deploy.0 = Debug|Any CPU
		{2AC48CC7-2058-46D1-A2C9-BA85F0461FC3}.AppStore|x86.ActiveCfg = Debug|Any CPU
		{2AC48CC7-2058-46D1-A2C9-BA85F0461FC3}.Debug|Any CPU.ActiveCfg = Debug|Any CPU
		{2AC48CC7-2058-46D1-A2C9-BA85F0461FC3}.Debug|Any CPU.Build.0 = Debug|Any CPU
		{2AC48CC7-2058-46D1-A2C9-BA85F0461FC3}.Debug|Any CPU.Deploy.0 = Debug|Any CPU
		{2AC48CC7-2058-46D1-A2C9-BA85F0461FC3}.Debug|ARM.ActiveCfg = Debug|Any CPU
		{2AC48CC7-2058-46D1-A2C9-BA85F0461FC3}.Debug|iPhone.ActiveCfg = Debug|Any CPU
		{2AC48CC7-2058-46D1-A2C9-BA85F0461FC3}.Debug|iPhoneSimulator.ActiveCfg = Debug|Any CPU
		{2AC48CC7-2058-46D1-A2C9-BA85F0461FC3}.Debug|Mixed Platforms.ActiveCfg = Debug|Any CPU
		{2AC48CC7-2058-46D1-A2C9-BA85F0461FC3}.Debug|Mixed Platforms.Build.0 = Debug|Any CPU
		{2AC48CC7-2058-46D1-A2C9-BA85F0461FC3}.Debug|Mixed Platforms.Deploy.0 = Debug|Any CPU
		{2AC48CC7-2058-46D1-A2C9-BA85F0461FC3}.Debug|x64.ActiveCfg = Debug|Any CPU
		{2AC48CC7-2058-46D1-A2C9-BA85F0461FC3}.Debug|x64.Build.0 = Debug|Any CPU
		{2AC48CC7-2058-46D1-A2C9-BA85F0461FC3}.Debug|x64.Deploy.0 = Debug|Any CPU
		{2AC48CC7-2058-46D1-A2C9-BA85F0461FC3}.Debug|x86.ActiveCfg = Debug|Any CPU
		{2AC48CC7-2058-46D1-A2C9-BA85F0461FC3}.Release|Any CPU.ActiveCfg = Release|Any CPU
		{2AC48CC7-2058-46D1-A2C9-BA85F0461FC3}.Release|Any CPU.Build.0 = Release|Any CPU
		{2AC48CC7-2058-46D1-A2C9-BA85F0461FC3}.Release|Any CPU.Deploy.0 = Release|Any CPU
		{2AC48CC7-2058-46D1-A2C9-BA85F0461FC3}.Release|ARM.ActiveCfg = Release|Any CPU
		{2AC48CC7-2058-46D1-A2C9-BA85F0461FC3}.Release|iPhone.ActiveCfg = Release|Any CPU
		{2AC48CC7-2058-46D1-A2C9-BA85F0461FC3}.Release|iPhoneSimulator.ActiveCfg = Release|Any CPU
		{2AC48CC7-2058-46D1-A2C9-BA85F0461FC3}.Release|Mixed Platforms.ActiveCfg = Release|Any CPU
		{2AC48CC7-2058-46D1-A2C9-BA85F0461FC3}.Release|Mixed Platforms.Build.0 = Release|Any CPU
		{2AC48CC7-2058-46D1-A2C9-BA85F0461FC3}.Release|Mixed Platforms.Deploy.0 = Release|Any CPU
		{2AC48CC7-2058-46D1-A2C9-BA85F0461FC3}.Release|x64.ActiveCfg = Release|Any CPU
		{2AC48CC7-2058-46D1-A2C9-BA85F0461FC3}.Release|x64.Build.0 = Release|Any CPU
		{2AC48CC7-2058-46D1-A2C9-BA85F0461FC3}.Release|x64.Deploy.0 = Release|Any CPU
		{2AC48CC7-2058-46D1-A2C9-BA85F0461FC3}.Release|x86.ActiveCfg = Release|Any CPU
		{C23A254A-EEC5-4BD7-B1F6-D01060BAC88B}.Ad-Hoc|Any CPU.ActiveCfg = Release|Any CPU
		{C23A254A-EEC5-4BD7-B1F6-D01060BAC88B}.Ad-Hoc|Any CPU.Build.0 = Release|Any CPU
		{C23A254A-EEC5-4BD7-B1F6-D01060BAC88B}.Ad-Hoc|ARM.ActiveCfg = Debug|Any CPU
		{C23A254A-EEC5-4BD7-B1F6-D01060BAC88B}.Ad-Hoc|iPhone.ActiveCfg = Release|Any CPU
		{C23A254A-EEC5-4BD7-B1F6-D01060BAC88B}.Ad-Hoc|iPhoneSimulator.ActiveCfg = Release|Any CPU
		{C23A254A-EEC5-4BD7-B1F6-D01060BAC88B}.Ad-Hoc|Mixed Platforms.ActiveCfg = Release|Any CPU
		{C23A254A-EEC5-4BD7-B1F6-D01060BAC88B}.Ad-Hoc|Mixed Platforms.Build.0 = Release|Any CPU
		{C23A254A-EEC5-4BD7-B1F6-D01060BAC88B}.Ad-Hoc|x64.ActiveCfg = Debug|Any CPU
		{C23A254A-EEC5-4BD7-B1F6-D01060BAC88B}.Ad-Hoc|x64.Build.0 = Debug|Any CPU
		{C23A254A-EEC5-4BD7-B1F6-D01060BAC88B}.Ad-Hoc|x86.ActiveCfg = Debug|Any CPU
		{C23A254A-EEC5-4BD7-B1F6-D01060BAC88B}.AppStore|Any CPU.ActiveCfg = Release|Any CPU
		{C23A254A-EEC5-4BD7-B1F6-D01060BAC88B}.AppStore|Any CPU.Build.0 = Release|Any CPU
		{C23A254A-EEC5-4BD7-B1F6-D01060BAC88B}.AppStore|ARM.ActiveCfg = Debug|Any CPU
		{C23A254A-EEC5-4BD7-B1F6-D01060BAC88B}.AppStore|iPhone.ActiveCfg = Release|Any CPU
		{C23A254A-EEC5-4BD7-B1F6-D01060BAC88B}.AppStore|iPhoneSimulator.ActiveCfg = Release|Any CPU
		{C23A254A-EEC5-4BD7-B1F6-D01060BAC88B}.AppStore|Mixed Platforms.ActiveCfg = Release|Any CPU
		{C23A254A-EEC5-4BD7-B1F6-D01060BAC88B}.AppStore|Mixed Platforms.Build.0 = Release|Any CPU
		{C23A254A-EEC5-4BD7-B1F6-D01060BAC88B}.AppStore|x64.ActiveCfg = Debug|Any CPU
		{C23A254A-EEC5-4BD7-B1F6-D01060BAC88B}.AppStore|x64.Build.0 = Debug|Any CPU
		{C23A254A-EEC5-4BD7-B1F6-D01060BAC88B}.AppStore|x86.ActiveCfg = Debug|Any CPU
		{C23A254A-EEC5-4BD7-B1F6-D01060BAC88B}.Debug|Any CPU.ActiveCfg = Debug|Any CPU
		{C23A254A-EEC5-4BD7-B1F6-D01060BAC88B}.Debug|Any CPU.Build.0 = Debug|Any CPU
		{C23A254A-EEC5-4BD7-B1F6-D01060BAC88B}.Debug|ARM.ActiveCfg = Debug|Any CPU
		{C23A254A-EEC5-4BD7-B1F6-D01060BAC88B}.Debug|iPhone.ActiveCfg = Debug|Any CPU
		{C23A254A-EEC5-4BD7-B1F6-D01060BAC88B}.Debug|iPhoneSimulator.ActiveCfg = Debug|Any CPU
		{C23A254A-EEC5-4BD7-B1F6-D01060BAC88B}.Debug|iPhoneSimulator.Build.0 = Debug|Any CPU
		{C23A254A-EEC5-4BD7-B1F6-D01060BAC88B}.Debug|Mixed Platforms.ActiveCfg = Debug|Any CPU
		{C23A254A-EEC5-4BD7-B1F6-D01060BAC88B}.Debug|Mixed Platforms.Build.0 = Debug|Any CPU
		{C23A254A-EEC5-4BD7-B1F6-D01060BAC88B}.Debug|x64.ActiveCfg = Debug|Any CPU
		{C23A254A-EEC5-4BD7-B1F6-D01060BAC88B}.Debug|x64.Build.0 = Debug|Any CPU
		{C23A254A-EEC5-4BD7-B1F6-D01060BAC88B}.Debug|x86.ActiveCfg = Debug|Any CPU
		{C23A254A-EEC5-4BD7-B1F6-D01060BAC88B}.Debug|x86.Build.0 = Debug|Any CPU
		{C23A254A-EEC5-4BD7-B1F6-D01060BAC88B}.Release|Any CPU.ActiveCfg = Release|Any CPU
		{C23A254A-EEC5-4BD7-B1F6-D01060BAC88B}.Release|Any CPU.Build.0 = Release|Any CPU
		{C23A254A-EEC5-4BD7-B1F6-D01060BAC88B}.Release|ARM.ActiveCfg = Release|Any CPU
		{C23A254A-EEC5-4BD7-B1F6-D01060BAC88B}.Release|iPhone.ActiveCfg = Release|Any CPU
		{C23A254A-EEC5-4BD7-B1F6-D01060BAC88B}.Release|iPhoneSimulator.ActiveCfg = Release|Any CPU
		{C23A254A-EEC5-4BD7-B1F6-D01060BAC88B}.Release|Mixed Platforms.ActiveCfg = Release|Any CPU
		{C23A254A-EEC5-4BD7-B1F6-D01060BAC88B}.Release|Mixed Platforms.Build.0 = Release|Any CPU
		{C23A254A-EEC5-4BD7-B1F6-D01060BAC88B}.Release|x64.ActiveCfg = Release|Any CPU
		{C23A254A-EEC5-4BD7-B1F6-D01060BAC88B}.Release|x64.Build.0 = Release|Any CPU
		{C23A254A-EEC5-4BD7-B1F6-D01060BAC88B}.Release|x86.ActiveCfg = Release|Any CPU
		{DC149EB8-9E4A-4D31-91A4-195287AF0A89}.Ad-Hoc|Any CPU.ActiveCfg = Debug|Any CPU
		{DC149EB8-9E4A-4D31-91A4-195287AF0A89}.Ad-Hoc|Any CPU.Build.0 = Debug|Any CPU
		{DC149EB8-9E4A-4D31-91A4-195287AF0A89}.Ad-Hoc|ARM.ActiveCfg = Debug|Any CPU
		{DC149EB8-9E4A-4D31-91A4-195287AF0A89}.Ad-Hoc|ARM.Build.0 = Debug|Any CPU
		{DC149EB8-9E4A-4D31-91A4-195287AF0A89}.Ad-Hoc|iPhone.ActiveCfg = Debug|Any CPU
		{DC149EB8-9E4A-4D31-91A4-195287AF0A89}.Ad-Hoc|iPhone.Build.0 = Debug|Any CPU
		{DC149EB8-9E4A-4D31-91A4-195287AF0A89}.Ad-Hoc|iPhoneSimulator.ActiveCfg = Debug|Any CPU
		{DC149EB8-9E4A-4D31-91A4-195287AF0A89}.Ad-Hoc|iPhoneSimulator.Build.0 = Debug|Any CPU
		{DC149EB8-9E4A-4D31-91A4-195287AF0A89}.Ad-Hoc|Mixed Platforms.ActiveCfg = Debug|Any CPU
		{DC149EB8-9E4A-4D31-91A4-195287AF0A89}.Ad-Hoc|Mixed Platforms.Build.0 = Debug|Any CPU
		{DC149EB8-9E4A-4D31-91A4-195287AF0A89}.Ad-Hoc|x64.ActiveCfg = Debug|Any CPU
		{DC149EB8-9E4A-4D31-91A4-195287AF0A89}.Ad-Hoc|x64.Build.0 = Debug|Any CPU
		{DC149EB8-9E4A-4D31-91A4-195287AF0A89}.Ad-Hoc|x86.ActiveCfg = Debug|Any CPU
		{DC149EB8-9E4A-4D31-91A4-195287AF0A89}.Ad-Hoc|x86.Build.0 = Debug|Any CPU
		{DC149EB8-9E4A-4D31-91A4-195287AF0A89}.AppStore|Any CPU.ActiveCfg = Debug|Any CPU
		{DC149EB8-9E4A-4D31-91A4-195287AF0A89}.AppStore|Any CPU.Build.0 = Debug|Any CPU
		{DC149EB8-9E4A-4D31-91A4-195287AF0A89}.AppStore|ARM.ActiveCfg = Debug|Any CPU
		{DC149EB8-9E4A-4D31-91A4-195287AF0A89}.AppStore|ARM.Build.0 = Debug|Any CPU
		{DC149EB8-9E4A-4D31-91A4-195287AF0A89}.AppStore|iPhone.ActiveCfg = Debug|Any CPU
		{DC149EB8-9E4A-4D31-91A4-195287AF0A89}.AppStore|iPhone.Build.0 = Debug|Any CPU
		{DC149EB8-9E4A-4D31-91A4-195287AF0A89}.AppStore|iPhoneSimulator.ActiveCfg = Debug|Any CPU
		{DC149EB8-9E4A-4D31-91A4-195287AF0A89}.AppStore|iPhoneSimulator.Build.0 = Debug|Any CPU
		{DC149EB8-9E4A-4D31-91A4-195287AF0A89}.AppStore|Mixed Platforms.ActiveCfg = Debug|Any CPU
		{DC149EB8-9E4A-4D31-91A4-195287AF0A89}.AppStore|Mixed Platforms.Build.0 = Debug|Any CPU
		{DC149EB8-9E4A-4D31-91A4-195287AF0A89}.AppStore|x64.ActiveCfg = Debug|Any CPU
		{DC149EB8-9E4A-4D31-91A4-195287AF0A89}.AppStore|x64.Build.0 = Debug|Any CPU
		{DC149EB8-9E4A-4D31-91A4-195287AF0A89}.AppStore|x86.ActiveCfg = Debug|Any CPU
		{DC149EB8-9E4A-4D31-91A4-195287AF0A89}.AppStore|x86.Build.0 = Debug|Any CPU
		{DC149EB8-9E4A-4D31-91A4-195287AF0A89}.Debug|Any CPU.ActiveCfg = Debug|Any CPU
		{DC149EB8-9E4A-4D31-91A4-195287AF0A89}.Debug|Any CPU.Build.0 = Debug|Any CPU
		{DC149EB8-9E4A-4D31-91A4-195287AF0A89}.Debug|ARM.ActiveCfg = Debug|Any CPU
		{DC149EB8-9E4A-4D31-91A4-195287AF0A89}.Debug|ARM.Build.0 = Debug|Any CPU
		{DC149EB8-9E4A-4D31-91A4-195287AF0A89}.Debug|iPhone.ActiveCfg = Debug|Any CPU
		{DC149EB8-9E4A-4D31-91A4-195287AF0A89}.Debug|iPhone.Build.0 = Debug|Any CPU
		{DC149EB8-9E4A-4D31-91A4-195287AF0A89}.Debug|iPhoneSimulator.ActiveCfg = Debug|Any CPU
		{DC149EB8-9E4A-4D31-91A4-195287AF0A89}.Debug|iPhoneSimulator.Build.0 = Debug|Any CPU
		{DC149EB8-9E4A-4D31-91A4-195287AF0A89}.Debug|Mixed Platforms.ActiveCfg = Debug|Any CPU
		{DC149EB8-9E4A-4D31-91A4-195287AF0A89}.Debug|Mixed Platforms.Build.0 = Debug|Any CPU
		{DC149EB8-9E4A-4D31-91A4-195287AF0A89}.Debug|x64.ActiveCfg = Debug|Any CPU
		{DC149EB8-9E4A-4D31-91A4-195287AF0A89}.Debug|x64.Build.0 = Debug|Any CPU
		{DC149EB8-9E4A-4D31-91A4-195287AF0A89}.Debug|x86.ActiveCfg = Debug|Any CPU
		{DC149EB8-9E4A-4D31-91A4-195287AF0A89}.Debug|x86.Build.0 = Debug|Any CPU
		{DC149EB8-9E4A-4D31-91A4-195287AF0A89}.Release|Any CPU.ActiveCfg = Release|Any CPU
		{DC149EB8-9E4A-4D31-91A4-195287AF0A89}.Release|Any CPU.Build.0 = Release|Any CPU
		{DC149EB8-9E4A-4D31-91A4-195287AF0A89}.Release|ARM.ActiveCfg = Release|Any CPU
		{DC149EB8-9E4A-4D31-91A4-195287AF0A89}.Release|ARM.Build.0 = Release|Any CPU
		{DC149EB8-9E4A-4D31-91A4-195287AF0A89}.Release|iPhone.ActiveCfg = Release|Any CPU
		{DC149EB8-9E4A-4D31-91A4-195287AF0A89}.Release|iPhone.Build.0 = Release|Any CPU
		{DC149EB8-9E4A-4D31-91A4-195287AF0A89}.Release|iPhoneSimulator.ActiveCfg = Release|Any CPU
		{DC149EB8-9E4A-4D31-91A4-195287AF0A89}.Release|iPhoneSimulator.Build.0 = Release|Any CPU
		{DC149EB8-9E4A-4D31-91A4-195287AF0A89}.Release|Mixed Platforms.ActiveCfg = Release|Any CPU
		{DC149EB8-9E4A-4D31-91A4-195287AF0A89}.Release|Mixed Platforms.Build.0 = Release|Any CPU
		{DC149EB8-9E4A-4D31-91A4-195287AF0A89}.Release|x64.ActiveCfg = Release|Any CPU
		{DC149EB8-9E4A-4D31-91A4-195287AF0A89}.Release|x64.Build.0 = Release|Any CPU
		{DC149EB8-9E4A-4D31-91A4-195287AF0A89}.Release|x86.ActiveCfg = Release|Any CPU
		{DC149EB8-9E4A-4D31-91A4-195287AF0A89}.Release|x86.Build.0 = Release|Any CPU
		{2530601C-7641-4BA6-AC70-70713F78AC52}.Ad-Hoc|Any CPU.ActiveCfg = Release|Any CPU
		{2530601C-7641-4BA6-AC70-70713F78AC52}.Ad-Hoc|Any CPU.Build.0 = Release|Any CPU
		{2530601C-7641-4BA6-AC70-70713F78AC52}.Ad-Hoc|Any CPU.Deploy.0 = Release|Any CPU
		{2530601C-7641-4BA6-AC70-70713F78AC52}.Ad-Hoc|ARM.ActiveCfg = Release|Any CPU
		{2530601C-7641-4BA6-AC70-70713F78AC52}.Ad-Hoc|ARM.Build.0 = Release|Any CPU
		{2530601C-7641-4BA6-AC70-70713F78AC52}.Ad-Hoc|ARM.Deploy.0 = Release|Any CPU
		{2530601C-7641-4BA6-AC70-70713F78AC52}.Ad-Hoc|iPhone.ActiveCfg = Release|Any CPU
		{2530601C-7641-4BA6-AC70-70713F78AC52}.Ad-Hoc|iPhone.Build.0 = Release|Any CPU
		{2530601C-7641-4BA6-AC70-70713F78AC52}.Ad-Hoc|iPhone.Deploy.0 = Release|Any CPU
		{2530601C-7641-4BA6-AC70-70713F78AC52}.Ad-Hoc|iPhoneSimulator.ActiveCfg = Release|Any CPU
		{2530601C-7641-4BA6-AC70-70713F78AC52}.Ad-Hoc|iPhoneSimulator.Build.0 = Release|Any CPU
		{2530601C-7641-4BA6-AC70-70713F78AC52}.Ad-Hoc|iPhoneSimulator.Deploy.0 = Release|Any CPU
		{2530601C-7641-4BA6-AC70-70713F78AC52}.Ad-Hoc|Mixed Platforms.ActiveCfg = Release|Any CPU
		{2530601C-7641-4BA6-AC70-70713F78AC52}.Ad-Hoc|Mixed Platforms.Build.0 = Release|Any CPU
		{2530601C-7641-4BA6-AC70-70713F78AC52}.Ad-Hoc|Mixed Platforms.Deploy.0 = Release|Any CPU
		{2530601C-7641-4BA6-AC70-70713F78AC52}.Ad-Hoc|x64.ActiveCfg = Release|Any CPU
		{2530601C-7641-4BA6-AC70-70713F78AC52}.Ad-Hoc|x64.Build.0 = Release|Any CPU
		{2530601C-7641-4BA6-AC70-70713F78AC52}.Ad-Hoc|x64.Deploy.0 = Release|Any CPU
		{2530601C-7641-4BA6-AC70-70713F78AC52}.Ad-Hoc|x86.ActiveCfg = Release|Any CPU
		{2530601C-7641-4BA6-AC70-70713F78AC52}.Ad-Hoc|x86.Build.0 = Release|Any CPU
		{2530601C-7641-4BA6-AC70-70713F78AC52}.Ad-Hoc|x86.Deploy.0 = Release|Any CPU
		{2530601C-7641-4BA6-AC70-70713F78AC52}.AppStore|Any CPU.ActiveCfg = Release|Any CPU
		{2530601C-7641-4BA6-AC70-70713F78AC52}.AppStore|Any CPU.Build.0 = Release|Any CPU
		{2530601C-7641-4BA6-AC70-70713F78AC52}.AppStore|Any CPU.Deploy.0 = Release|Any CPU
		{2530601C-7641-4BA6-AC70-70713F78AC52}.AppStore|ARM.ActiveCfg = Release|Any CPU
		{2530601C-7641-4BA6-AC70-70713F78AC52}.AppStore|ARM.Build.0 = Release|Any CPU
		{2530601C-7641-4BA6-AC70-70713F78AC52}.AppStore|ARM.Deploy.0 = Release|Any CPU
		{2530601C-7641-4BA6-AC70-70713F78AC52}.AppStore|iPhone.ActiveCfg = Release|Any CPU
		{2530601C-7641-4BA6-AC70-70713F78AC52}.AppStore|iPhone.Build.0 = Release|Any CPU
		{2530601C-7641-4BA6-AC70-70713F78AC52}.AppStore|iPhone.Deploy.0 = Release|Any CPU
		{2530601C-7641-4BA6-AC70-70713F78AC52}.AppStore|iPhoneSimulator.ActiveCfg = Release|Any CPU
		{2530601C-7641-4BA6-AC70-70713F78AC52}.AppStore|iPhoneSimulator.Build.0 = Release|Any CPU
		{2530601C-7641-4BA6-AC70-70713F78AC52}.AppStore|iPhoneSimulator.Deploy.0 = Release|Any CPU
		{2530601C-7641-4BA6-AC70-70713F78AC52}.AppStore|Mixed Platforms.ActiveCfg = Release|Any CPU
		{2530601C-7641-4BA6-AC70-70713F78AC52}.AppStore|Mixed Platforms.Build.0 = Release|Any CPU
		{2530601C-7641-4BA6-AC70-70713F78AC52}.AppStore|Mixed Platforms.Deploy.0 = Release|Any CPU
		{2530601C-7641-4BA6-AC70-70713F78AC52}.AppStore|x64.ActiveCfg = Release|Any CPU
		{2530601C-7641-4BA6-AC70-70713F78AC52}.AppStore|x64.Build.0 = Release|Any CPU
		{2530601C-7641-4BA6-AC70-70713F78AC52}.AppStore|x64.Deploy.0 = Release|Any CPU
		{2530601C-7641-4BA6-AC70-70713F78AC52}.AppStore|x86.ActiveCfg = Release|Any CPU
		{2530601C-7641-4BA6-AC70-70713F78AC52}.AppStore|x86.Build.0 = Release|Any CPU
		{2530601C-7641-4BA6-AC70-70713F78AC52}.AppStore|x86.Deploy.0 = Release|Any CPU
		{2530601C-7641-4BA6-AC70-70713F78AC52}.Debug|Any CPU.ActiveCfg = Debug|Any CPU
		{2530601C-7641-4BA6-AC70-70713F78AC52}.Debug|Any CPU.Build.0 = Debug|Any CPU
		{2530601C-7641-4BA6-AC70-70713F78AC52}.Debug|Any CPU.Deploy.0 = Debug|Any CPU
		{2530601C-7641-4BA6-AC70-70713F78AC52}.Debug|ARM.ActiveCfg = Debug|Any CPU
		{2530601C-7641-4BA6-AC70-70713F78AC52}.Debug|ARM.Build.0 = Debug|Any CPU
		{2530601C-7641-4BA6-AC70-70713F78AC52}.Debug|ARM.Deploy.0 = Debug|Any CPU
		{2530601C-7641-4BA6-AC70-70713F78AC52}.Debug|iPhone.ActiveCfg = Debug|Any CPU
		{2530601C-7641-4BA6-AC70-70713F78AC52}.Debug|iPhone.Build.0 = Debug|Any CPU
		{2530601C-7641-4BA6-AC70-70713F78AC52}.Debug|iPhone.Deploy.0 = Debug|Any CPU
		{2530601C-7641-4BA6-AC70-70713F78AC52}.Debug|iPhoneSimulator.ActiveCfg = Debug|Any CPU
		{2530601C-7641-4BA6-AC70-70713F78AC52}.Debug|iPhoneSimulator.Build.0 = Debug|Any CPU
		{2530601C-7641-4BA6-AC70-70713F78AC52}.Debug|iPhoneSimulator.Deploy.0 = Debug|Any CPU
		{2530601C-7641-4BA6-AC70-70713F78AC52}.Debug|Mixed Platforms.ActiveCfg = Debug|Any CPU
		{2530601C-7641-4BA6-AC70-70713F78AC52}.Debug|Mixed Platforms.Build.0 = Debug|Any CPU
		{2530601C-7641-4BA6-AC70-70713F78AC52}.Debug|Mixed Platforms.Deploy.0 = Debug|Any CPU
		{2530601C-7641-4BA6-AC70-70713F78AC52}.Debug|x64.ActiveCfg = Debug|Any CPU
		{2530601C-7641-4BA6-AC70-70713F78AC52}.Debug|x64.Build.0 = Debug|Any CPU
		{2530601C-7641-4BA6-AC70-70713F78AC52}.Debug|x64.Deploy.0 = Debug|Any CPU
		{2530601C-7641-4BA6-AC70-70713F78AC52}.Debug|x86.ActiveCfg = Debug|Any CPU
		{2530601C-7641-4BA6-AC70-70713F78AC52}.Debug|x86.Build.0 = Debug|Any CPU
		{2530601C-7641-4BA6-AC70-70713F78AC52}.Debug|x86.Deploy.0 = Debug|Any CPU
		{2530601C-7641-4BA6-AC70-70713F78AC52}.Release|Any CPU.ActiveCfg = Release|Any CPU
		{2530601C-7641-4BA6-AC70-70713F78AC52}.Release|Any CPU.Build.0 = Release|Any CPU
		{2530601C-7641-4BA6-AC70-70713F78AC52}.Release|Any CPU.Deploy.0 = Release|Any CPU
		{2530601C-7641-4BA6-AC70-70713F78AC52}.Release|ARM.ActiveCfg = Release|Any CPU
		{2530601C-7641-4BA6-AC70-70713F78AC52}.Release|ARM.Build.0 = Release|Any CPU
		{2530601C-7641-4BA6-AC70-70713F78AC52}.Release|ARM.Deploy.0 = Release|Any CPU
		{2530601C-7641-4BA6-AC70-70713F78AC52}.Release|iPhone.ActiveCfg = Release|Any CPU
		{2530601C-7641-4BA6-AC70-70713F78AC52}.Release|iPhone.Build.0 = Release|Any CPU
		{2530601C-7641-4BA6-AC70-70713F78AC52}.Release|iPhone.Deploy.0 = Release|Any CPU
		{2530601C-7641-4BA6-AC70-70713F78AC52}.Release|iPhoneSimulator.ActiveCfg = Release|Any CPU
		{2530601C-7641-4BA6-AC70-70713F78AC52}.Release|iPhoneSimulator.Build.0 = Release|Any CPU
		{2530601C-7641-4BA6-AC70-70713F78AC52}.Release|iPhoneSimulator.Deploy.0 = Release|Any CPU
		{2530601C-7641-4BA6-AC70-70713F78AC52}.Release|Mixed Platforms.ActiveCfg = Release|Any CPU
		{2530601C-7641-4BA6-AC70-70713F78AC52}.Release|Mixed Platforms.Build.0 = Release|Any CPU
		{2530601C-7641-4BA6-AC70-70713F78AC52}.Release|Mixed Platforms.Deploy.0 = Release|Any CPU
		{2530601C-7641-4BA6-AC70-70713F78AC52}.Release|x64.ActiveCfg = Release|Any CPU
		{2530601C-7641-4BA6-AC70-70713F78AC52}.Release|x64.Build.0 = Release|Any CPU
		{2530601C-7641-4BA6-AC70-70713F78AC52}.Release|x64.Deploy.0 = Release|Any CPU
		{2530601C-7641-4BA6-AC70-70713F78AC52}.Release|x86.ActiveCfg = Release|Any CPU
		{2530601C-7641-4BA6-AC70-70713F78AC52}.Release|x86.Build.0 = Release|Any CPU
		{2530601C-7641-4BA6-AC70-70713F78AC52}.Release|x86.Deploy.0 = Release|Any CPU
	EndGlobalSection
	GlobalSection(SolutionProperties) = preSolution
		HideSolutionNode = FALSE
	EndGlobalSection
	GlobalSection(NestedProjects) = preSolution
		{2AC48CC7-2058-46D1-A2C9-BA85F0461FC3} = {225D589C-C702-4477-BDED-8B8E2FC2CE20}
		{C23A254A-EEC5-4BD7-B1F6-D01060BAC88B} = {225D589C-C702-4477-BDED-8B8E2FC2CE20}
		{DC149EB8-9E4A-4D31-91A4-195287AF0A89} = {AF98A4FA-5272-4271-9812-17AA5642B64E}
		{2530601C-7641-4BA6-AC70-70713F78AC52} = {AF98A4FA-5272-4271-9812-17AA5642B64E}
	EndGlobalSection
	GlobalSection(ExtensibilityGlobals) = postSolution
		SolutionGuid = {8E76E01C-1827-4004-9C01-08FE50B42248}
	EndGlobalSection
EndGlobal
